
Microsoft Visual Studio Solution File, Format Version 12.00
# Visual Studio Version 16
VisualStudioVersion = 16.0.31112.23
MinimumVisualStudioVersion = 10.0.40219.1
Project("{9A19103F-16F7-4668-BE54-9A1E7A4F7556}") = "ZodiacService", "ZodiacService\ZodiacService.csproj", "{6DADE96C-0FFA-40BA-AE5E-02A9BB7BC5CF}"
EndProject
Global
	GlobalSection(SolutionConfigurationPlatforms) = preSolution
		Debug|Any CPU = Debug|Any CPU
		Release|Any CPU = Release|Any CPU
	EndGlobalSection
	GlobalSection(ProjectConfigurationPlatforms) = postSolution
		{6DADE96C-0FFA-40BA-AE5E-02A9BB7BC5CF}.Debug|Any CPU.ActiveCfg = Debug|Any CPU
		{6DADE96C-0FFA-40BA-AE5E-02A9BB7BC5CF}.Debug|Any CPU.Build.0 = Debug|Any CPU
		{6DADE96C-0FFA-40BA-AE5E-02A9BB7BC5CF}.Release|Any CPU.ActiveCfg = Release|Any CPU
		{6DADE96C-0FFA-40BA-AE5E-02A9BB7BC5CF}.Release|Any CPU.Build.0 = Release|Any CPU
	EndGlobalSection
	GlobalSection(SolutionProperties) = preSolution
		HideSolutionNode = FALSE
	EndGlobalSection
	GlobalSection(ExtensibilityGlobals) = postSolution
		SolutionGuid = {074257D1-6F8A-43D8-8EB2-BB21B1531DD9}
	EndGlobalSection
EndGlobal
